
Microsoft Visual Studio Solution File, Format Version 12.00
# Visual Studio Version 16
VisualStudioVersion = 16.0.31402.337
MinimumVisualStudioVersion = 10.0.40219.1
Project("{FAE04EC0-301F-11D3-BF4B-00C04F79EFBC}") = "PasswordManagerApp.Android", "PasswordManagerApp.Android\PasswordManagerApp.Android.csproj", "{82EF1F80-DF17-4391-BAB7-3CC8E0DC8C73}"
EndProject
Project("{9A19103F-16F7-4668-BE54-9A1E7A4F7556}") = "PasswordManagerApp", "PasswordManagerApp\PasswordManagerApp.csproj", "{3A62E439-F21A-42C8-A67D-C96319ACADAA}"
EndProject
Project("{FAE04EC0-301F-11D3-BF4B-00C04F79EFBC}") = "PasswordManagerAppTests", "PasswordManagerAppTests\PasswordManagerAppTests.csproj", "{8E55126D-D491-4221-BE44-3FC938CDD784}"
EndProject
Global
	GlobalSection(SolutionConfigurationPlatforms) = preSolution
		Debug|Any CPU = Debug|Any CPU
		Release|Any CPU = Release|Any CPU
	EndGlobalSection
	GlobalSection(ProjectConfigurationPlatforms) = postSolution
		{82EF1F80-DF17-4391-BAB7-3CC8E0DC8C73}.Debug|Any CPU.ActiveCfg = Debug|Any CPU
		{82EF1F80-DF17-4391-BAB7-3CC8E0DC8C73}.Debug|Any CPU.Build.0 = Debug|Any CPU
		{82EF1F80-DF17-4391-BAB7-3CC8E0DC8C73}.Debug|Any CPU.Deploy.0 = Debug|Any CPU
		{82EF1F80-DF17-4391-BAB7-3CC8E0DC8C73}.Release|Any CPU.ActiveCfg = Release|Any CPU
		{82EF1F80-DF17-4391-BAB7-3CC8E0DC8C73}.Release|Any CPU.Build.0 = Release|Any CPU
		{82EF1F80-DF17-4391-BAB7-3CC8E0DC8C73}.Release|Any CPU.Deploy.0 = Release|Any CPU
		{3A62E439-F21A-42C8-A67D-C96319ACADAA}.Debug|Any CPU.ActiveCfg = Debug|Any CPU
		{3A62E439-F21A-42C8-A67D-C96319ACADAA}.Debug|Any CPU.Build.0 = Debug|Any CPU
		{3A62E439-F21A-42C8-A67D-C96319ACADAA}.Debug|Any CPU.Deploy.0 = Debug|Any CPU
		{3A62E439-F21A-42C8-A67D-C96319ACADAA}.Release|Any CPU.ActiveCfg = Release|Any CPU
		{3A62E439-F21A-42C8-A67D-C96319ACADAA}.Release|Any CPU.Build.0 = Release|Any CPU
		{3A62E439-F21A-42C8-A67D-C96319ACADAA}.Release|Any CPU.Deploy.0 = Release|Any CPU
		{8E55126D-D491-4221-BE44-3FC938CDD784}.Debug|Any CPU.ActiveCfg = Debug|Any CPU
		{8E55126D-D491-4221-BE44-3FC938CDD784}.Debug|Any CPU.Build.0 = Debug|Any CPU
		{8E55126D-D491-4221-BE44-3FC938CDD784}.Release|Any CPU.ActiveCfg = Release|Any CPU
		{8E55126D-D491-4221-BE44-3FC938CDD784}.Release|Any CPU.Build.0 = Release|Any CPU
	EndGlobalSection
	GlobalSection(SolutionProperties) = preSolution
		HideSolutionNode = FALSE
	EndGlobalSection
	GlobalSection(ExtensibilityGlobals) = postSolution
		SolutionGuid = {1D202B3B-9EC0-4056-9089-C1850307D490}
	EndGlobalSection
EndGlobal
